
Microsoft Visual Studio Solution File, Format Version 12.00
# Visual Studio Version 17
VisualStudioVersion = 17.6.33801.468
MinimumVisualStudioVersion = 10.0.40219.1
Project("{FAE04EC0-301F-11D3-BF4B-00C04F79EFBC}") = "TelemetryApp", "TelemetryApp\TelemetryApp.csproj", "{096BDA7C-2EC9-4AA6-A856-28DF8116170F}"
EndProject
Global
	GlobalSection(SolutionConfigurationPlatforms) = preSolution
		Debug|Any CPU = Debug|Any CPU
		Release|Any CPU = Release|Any CPU
	EndGlobalSection
	GlobalSection(ProjectConfigurationPlatforms) = postSolution
		{096BDA7C-2EC9-4AA6-A856-28DF8116170F}.Debug|Any CPU.ActiveCfg = Debug|Any CPU
		{096BDA7C-2EC9-4AA6-A856-28DF8116170F}.Debug|Any CPU.Build.0 = Debug|Any CPU
		{096BDA7C-2EC9-4AA6-A856-28DF8116170F}.Release|Any CPU.ActiveCfg = Release|Any CPU
		{096BDA7C-2EC9-4AA6-A856-28DF8116170F}.Release|Any CPU.Build.0 = Release|Any CPU
	EndGlobalSection
	GlobalSection(SolutionProperties) = preSolution
		HideSolutionNode = FALSE
	EndGlobalSection
	GlobalSection(ExtensibilityGlobals) = postSolution
		SolutionGuid = {01394C9A-24C6-4A9B-94A7-B0DB652E9DF0}
	EndGlobalSection
EndGlobal
